
Microsoft Visual Studio Solution File, Format Version 12.00
# Visual Studio Version 17
VisualStudioVersion = 17.4.33213.308
MinimumVisualStudioVersion = 10.0.40219.1
Project("{9A19103F-16F7-4668-BE54-9A1E7A4F7556}") = "ShapeIntersectionEngine", "IsaacZinmanShapeIntersection\ShapeIntersectionEngine.csproj", "{10E0DE98-EB92-4ED4-B430-AD8F8D2B8B34}"
EndProject
Project("{FAE04EC0-301F-11D3-BF4B-00C04F79EFBC}") = "ShapeIntersectionTests", "CubeIntersectionTests\ShapeIntersectionTests.csproj", "{99F0B767-3288-4E9E-9085-7A779348D8C7}"
EndProject
Global
	GlobalSection(SolutionConfigurationPlatforms) = preSolution
		Debug|Any CPU = Debug|Any CPU
		Release|Any CPU = Release|Any CPU
	EndGlobalSection
	GlobalSection(ProjectConfigurationPlatforms) = postSolution
		{10E0DE98-EB92-4ED4-B430-AD8F8D2B8B34}.Debug|Any CPU.ActiveCfg = Debug|Any CPU
		{10E0DE98-EB92-4ED4-B430-AD8F8D2B8B34}.Debug|Any CPU.Build.0 = Debug|Any CPU
		{10E0DE98-EB92-4ED4-B430-AD8F8D2B8B34}.Release|Any CPU.ActiveCfg = Release|Any CPU
		{10E0DE98-EB92-4ED4-B430-AD8F8D2B8B34}.Release|Any CPU.Build.0 = Release|Any CPU
		{99F0B767-3288-4E9E-9085-7A779348D8C7}.Debug|Any CPU.ActiveCfg = Debug|Any CPU
		{99F0B767-3288-4E9E-9085-7A779348D8C7}.Debug|Any CPU.Build.0 = Debug|Any CPU
		{99F0B767-3288-4E9E-9085-7A779348D8C7}.Release|Any CPU.ActiveCfg = Release|Any CPU
		{99F0B767-3288-4E9E-9085-7A779348D8C7}.Release|Any CPU.Build.0 = Release|Any CPU
	EndGlobalSection
	GlobalSection(SolutionProperties) = preSolution
		HideSolutionNode = FALSE
	EndGlobalSection
	GlobalSection(ExtensibilityGlobals) = postSolution
		SolutionGuid = {24102DD8-D585-4E35-9A75-FEEF03018220}
	EndGlobalSection
EndGlobal
